
Microsoft Visual Studio Solution File, Format Version 12.00
# Visual Studio Version 17
VisualStudioVersion = 17.1.31903.286
MinimumVisualStudioVersion = 10.0.40219.1
Project("{2150E333-8FDC-42A3-9474-1A3956D46DE8}") = "FrontEnd", "FrontEnd", "{20CF9BB8-183D-4474-BE45-208BDF8561D8}"
EndProject
Project("{9A19103F-16F7-4668-BE54-9A1E7A4F7556}") = "Mango.Web", "FrontEnd\Mango.Web\Mango.Web.csproj", "{ACCCC0DC-BD94-4372-882A-3599D1B7AA1E}"
EndProject
Project("{2150E333-8FDC-42A3-9474-1A3956D46DE8}") = "Services", "Services", "{F206C1D2-5E03-446F-9D64-5474AF3D67E7}"
EndProject
Project("{9A19103F-16F7-4668-BE54-9A1E7A4F7556}") = "Mango.Services.ProductAPI", "Services\Mango.Services.ProductAPI\Mango.Services.ProductAPI.csproj", "{D5391159-EE4F-403E-AAF8-B1BFE27DD7B6}"
EndProject
Project("{2150E333-8FDC-42A3-9474-1A3956D46DE8}") = "Environments", "Environments", "{5AB3253B-40E1-4399-BEA3-FB52C8213D99}"
	ProjectSection(SolutionItems) = preProject
		Environments\docker-compose.yml = Environments\docker-compose.yml
	EndProjectSection
EndProject
Project("{2150E333-8FDC-42A3-9474-1A3956D46DE8}") = "config", "config", "{ED57A942-E619-45BF-A0F4-BD181A40986B}"
	ProjectSection(SolutionItems) = preProject
		Environments\config\.env.dev = Environments\config\.env.dev
	EndProjectSection
EndProject
Project("{9A19103F-16F7-4668-BE54-9A1E7A4F7556}") = "Mango.Services.Identity", "Services\Mango.Services.Identity\Mango.Services.Identity.csproj", "{38B3D8C5-E6F6-4839-AB37-747B684646DA}"
EndProject
Project("{2150E333-8FDC-42A3-9474-1A3956D46DE8}") = "Shared", "Shared", "{6DC77EFF-F87E-4E24-AE9B-45BA236B04C5}"
EndProject
Project("{9A19103F-16F7-4668-BE54-9A1E7A4F7556}") = "Shared.Database", "Shared\Shared.Database\Shared.Database.csproj", "{903C6946-3397-41BF-BBE4-E1709458E570}"
EndProject
Project("{9A19103F-16F7-4668-BE54-9A1E7A4F7556}") = "Shared", "Shared\Shared\Shared.csproj", "{654D4BCB-1C7E-4819-BD13-589CAE97CD5C}"
EndProject
Project("{9A19103F-16F7-4668-BE54-9A1E7A4F7556}") = "Mango.Services.ShoppingCartAPI", "Services\Mango.Services.ShoppingCartAPI\Mango.Services.ShoppingCartAPI.csproj", "{5D9BD2A1-6119-4350-8F0F-A9ABE564F36E}"
EndProject
Project("{9A19103F-16F7-4668-BE54-9A1E7A4F7556}") = "Shared.Api", "Shared\Shared.Api\Shared.Api.csproj", "{46BBCCCF-7605-409A-B758-CE37312C615B}"
EndProject
Project("{9A19103F-16F7-4668-BE54-9A1E7A4F7556}") = "Mango.Services.CouponAPI", "Services\Mango.Services.CouponAPI\Mango.Services.CouponAPI.csproj", "{12432683-BF56-4C3D-B75C-7F0A04A47789}"
EndProject
Project("{9A19103F-16F7-4668-BE54-9A1E7A4F7556}") = "Shared.Message", "Shared\Shared.Message\Shared.Message.csproj", "{55892B3D-F53F-411E-806A-B3C6ED459EAC}"
EndProject
Project("{2150E333-8FDC-42A3-9474-1A3956D46DE8}") = "Functions", "Functions", "{EC76B9F8-DDA9-4F52-B718-CCF71ED144A9}"
EndProject
Project("{9A19103F-16F7-4668-BE54-9A1E7A4F7556}") = "ImageProcessing", "Functions\ImageProcessing\ImageProcessing.csproj", "{13C62635-345D-4F97-B923-A13C90B79260}"
EndProject
Project("{9A19103F-16F7-4668-BE54-9A1E7A4F7556}") = "ImageProcessing.Services.Interfaces", "Functions\ImageProcessing.Services.Interfaces\ImageProcessing.Services.Interfaces.csproj", "{0EF20E7F-5AA9-4053-8FD1-B9F61538CD1D}"
EndProject
Project("{9A19103F-16F7-4668-BE54-9A1E7A4F7556}") = "ImageProcessing.Services", "Functions\ImageProcessing.Services\ImageProcessing.Services.csproj", "{00CA74A8-1781-4A25-8394-010C0983917E}"
EndProject
Project("{9A19103F-16F7-4668-BE54-9A1E7A4F7556}") = "ImageProcessing.Domain.Core", "Functions\ImageProcessing.Domain.Core\ImageProcessing.Domain.Core.csproj", "{F06486D2-EDA6-4E92-ACFE-6003123E4DB2}"
EndProject
Global
	GlobalSection(SolutionConfigurationPlatforms) = preSolution
		Debug|Any CPU = Debug|Any CPU
		Release|Any CPU = Release|Any CPU
	EndGlobalSection
	GlobalSection(ProjectConfigurationPlatforms) = postSolution
		{ACCCC0DC-BD94-4372-882A-3599D1B7AA1E}.Debug|Any CPU.ActiveCfg = Debug|Any CPU
		{ACCCC0DC-BD94-4372-882A-3599D1B7AA1E}.Debug|Any CPU.Build.0 = Debug|Any CPU
		{ACCCC0DC-BD94-4372-882A-3599D1B7AA1E}.Release|Any CPU.ActiveCfg = Release|Any CPU
		{ACCCC0DC-BD94-4372-882A-3599D1B7AA1E}.Release|Any CPU.Build.0 = Release|Any CPU
		{D5391159-EE4F-403E-AAF8-B1BFE27DD7B6}.Debug|Any CPU.ActiveCfg = Debug|Any CPU
		{D5391159-EE4F-403E-AAF8-B1BFE27DD7B6}.Debug|Any CPU.Build.0 = Debug|Any CPU
		{D5391159-EE4F-403E-AAF8-B1BFE27DD7B6}.Release|Any CPU.ActiveCfg = Release|Any CPU
		{D5391159-EE4F-403E-AAF8-B1BFE27DD7B6}.Release|Any CPU.Build.0 = Release|Any CPU
		{38B3D8C5-E6F6-4839-AB37-747B684646DA}.Debug|Any CPU.ActiveCfg = Debug|Any CPU
		{38B3D8C5-E6F6-4839-AB37-747B684646DA}.Debug|Any CPU.Build.0 = Debug|Any CPU
		{38B3D8C5-E6F6-4839-AB37-747B684646DA}.Release|Any CPU.ActiveCfg = Release|Any CPU
		{38B3D8C5-E6F6-4839-AB37-747B684646DA}.Release|Any CPU.Build.0 = Release|Any CPU
		{903C6946-3397-41BF-BBE4-E1709458E570}.Debug|Any CPU.ActiveCfg = Debug|Any CPU
		{903C6946-3397-41BF-BBE4-E1709458E570}.Debug|Any CPU.Build.0 = Debug|Any CPU
		{903C6946-3397-41BF-BBE4-E1709458E570}.Release|Any CPU.ActiveCfg = Release|Any CPU
		{903C6946-3397-41BF-BBE4-E1709458E570}.Release|Any CPU.Build.0 = Release|Any CPU
		{654D4BCB-1C7E-4819-BD13-589CAE97CD5C}.Debug|Any CPU.ActiveCfg = Debug|Any CPU
		{654D4BCB-1C7E-4819-BD13-589CAE97CD5C}.Debug|Any CPU.Build.0 = Debug|Any CPU
		{654D4BCB-1C7E-4819-BD13-589CAE97CD5C}.Release|Any CPU.ActiveCfg = Release|Any CPU
		{654D4BCB-1C7E-4819-BD13-589CAE97CD5C}.Release|Any CPU.Build.0 = Release|Any CPU
		{5D9BD2A1-6119-4350-8F0F-A9ABE564F36E}.Debug|Any CPU.ActiveCfg = Debug|Any CPU
		{5D9BD2A1-6119-4350-8F0F-A9ABE564F36E}.Debug|Any CPU.Build.0 = Debug|Any CPU
		{5D9BD2A1-6119-4350-8F0F-A9ABE564F36E}.Release|Any CPU.ActiveCfg = Release|Any CPU
		{5D9BD2A1-6119-4350-8F0F-A9ABE564F36E}.Release|Any CPU.Build.0 = Release|Any CPU
		{46BBCCCF-7605-409A-B758-CE37312C615B}.Debug|Any CPU.ActiveCfg = Debug|Any CPU
		{46BBCCCF-7605-409A-B758-CE37312C615B}.Debug|Any CPU.Build.0 = Debug|Any CPU
		{46BBCCCF-7605-409A-B758-CE37312C615B}.Release|Any CPU.ActiveCfg = Release|Any CPU
		{46BBCCCF-7605-409A-B758-CE37312C615B}.Release|Any CPU.Build.0 = Release|Any CPU
		{12432683-BF56-4C3D-B75C-7F0A04A47789}.Debug|Any CPU.ActiveCfg = Debug|Any CPU
		{12432683-BF56-4C3D-B75C-7F0A04A47789}.Debug|Any CPU.Build.0 = Debug|Any CPU
		{12432683-BF56-4C3D-B75C-7F0A04A47789}.Release|Any CPU.ActiveCfg = Release|Any CPU
		{12432683-BF56-4C3D-B75C-7F0A04A47789}.Release|Any CPU.Build.0 = Release|Any CPU
		{55892B3D-F53F-411E-806A-B3C6ED459EAC}.Debug|Any CPU.ActiveCfg = Debug|Any CPU
		{55892B3D-F53F-411E-806A-B3C6ED459EAC}.Debug|Any CPU.Build.0 = Debug|Any CPU
		{55892B3D-F53F-411E-806A-B3C6ED459EAC}.Release|Any CPU.ActiveCfg = Release|Any CPU
		{55892B3D-F53F-411E-806A-B3C6ED459EAC}.Release|Any CPU.Build.0 = Release|Any CPU
		{13C62635-345D-4F97-B923-A13C90B79260}.Debug|Any CPU.ActiveCfg = Debug|Any CPU
		{13C62635-345D-4F97-B923-A13C90B79260}.Debug|Any CPU.Build.0 = Debug|Any CPU
		{13C62635-345D-4F97-B923-A13C90B79260}.Release|Any CPU.ActiveCfg = Release|Any CPU
		{13C62635-345D-4F97-B923-A13C90B79260}.Release|Any CPU.Build.0 = Release|Any CPU
		{0EF20E7F-5AA9-4053-8FD1-B9F61538CD1D}.Debug|Any CPU.ActiveCfg = Debug|Any CPU
		{0EF20E7F-5AA9-4053-8FD1-B9F61538CD1D}.Debug|Any CPU.Build.0 = Debug|Any CPU
		{0EF20E7F-5AA9-4053-8FD1-B9F61538CD1D}.Release|Any CPU.ActiveCfg = Release|Any CPU
		{0EF20E7F-5AA9-4053-8FD1-B9F61538CD1D}.Release|Any CPU.Build.0 = Release|Any CPU
		{00CA74A8-1781-4A25-8394-010C0983917E}.Debug|Any CPU.ActiveCfg = Debug|Any CPU
		{00CA74A8-1781-4A25-8394-010C0983917E}.Debug|Any CPU.Build.0 = Debug|Any CPU
		{00CA74A8-1781-4A25-8394-010C0983917E}.Release|Any CPU.ActiveCfg = Release|Any CPU
		{00CA74A8-1781-4A25-8394-010C0983917E}.Release|Any CPU.Build.0 = Release|Any CPU
		{F06486D2-EDA6-4E92-ACFE-6003123E4DB2}.Debug|Any CPU.ActiveCfg = Debug|Any CPU
		{F06486D2-EDA6-4E92-ACFE-6003123E4DB2}.Debug|Any CPU.Build.0 = Debug|Any CPU
		{F06486D2-EDA6-4E92-ACFE-6003123E4DB2}.Release|Any CPU.ActiveCfg = Release|Any CPU
		{F06486D2-EDA6-4E92-ACFE-6003123E4DB2}.Release|Any CPU.Build.0 = Release|Any CPU
	EndGlobalSection
	GlobalSection(SolutionProperties) = preSolution
		HideSolutionNode = FALSE
	EndGlobalSection
	GlobalSection(NestedProjects) = preSolution
		{ACCCC0DC-BD94-4372-882A-3599D1B7AA1E} = {20CF9BB8-183D-4474-BE45-208BDF8561D8}
		{D5391159-EE4F-403E-AAF8-B1BFE27DD7B6} = {F206C1D2-5E03-446F-9D64-5474AF3D67E7}
		{ED57A942-E619-45BF-A0F4-BD181A40986B} = {5AB3253B-40E1-4399-BEA3-FB52C8213D99}
		{38B3D8C5-E6F6-4839-AB37-747B684646DA} = {F206C1D2-5E03-446F-9D64-5474AF3D67E7}
		{903C6946-3397-41BF-BBE4-E1709458E570} = {6DC77EFF-F87E-4E24-AE9B-45BA236B04C5}
		{654D4BCB-1C7E-4819-BD13-589CAE97CD5C} = {6DC77EFF-F87E-4E24-AE9B-45BA236B04C5}
		{5D9BD2A1-6119-4350-8F0F-A9ABE564F36E} = {F206C1D2-5E03-446F-9D64-5474AF3D67E7}
		{46BBCCCF-7605-409A-B758-CE37312C615B} = {6DC77EFF-F87E-4E24-AE9B-45BA236B04C5}
		{12432683-BF56-4C3D-B75C-7F0A04A47789} = {F206C1D2-5E03-446F-9D64-5474AF3D67E7}
		{55892B3D-F53F-411E-806A-B3C6ED459EAC} = {6DC77EFF-F87E-4E24-AE9B-45BA236B04C5}
		{13C62635-345D-4F97-B923-A13C90B79260} = {EC76B9F8-DDA9-4F52-B718-CCF71ED144A9}
		{0EF20E7F-5AA9-4053-8FD1-B9F61538CD1D} = {EC76B9F8-DDA9-4F52-B718-CCF71ED144A9}
		{00CA74A8-1781-4A25-8394-010C0983917E} = {EC76B9F8-DDA9-4F52-B718-CCF71ED144A9}
		{F06486D2-EDA6-4E92-ACFE-6003123E4DB2} = {EC76B9F8-DDA9-4F52-B718-CCF71ED144A9}
	EndGlobalSection
	GlobalSection(ExtensibilityGlobals) = postSolution
		SolutionGuid = {38EE14E2-F886-4B07-9B6D-52C1CDAB1227}
	EndGlobalSection
EndGlobal
